// !$*UTF8*$!
{
	archiveVersion = 1;
	classes = {
	};
	objectVersion = 56;
	objects = {

/* Begin PBXBuildFile section */
		C704381F2B933DE500089B84 /* MainControllerContentView.swift in Sources */ = {isa = PBXBuildFile; fileRef = C704381E2B933DE500089B84 /* MainControllerContentView.swift */; };
		C70438212B933DF800089B84 /* MainControllerContentView.xib in Resources */ = {isa = PBXBuildFile; fileRef = C70438202B933DF800089B84 /* MainControllerContentView.xib */; };
		C70438242B93468000089B84 /* UIView+roundCorners.swift in Sources */ = {isa = PBXBuildFile; fileRef = C70438232B93468000089B84 /* UIView+roundCorners.swift */; };
		C70438282B934A2B00089B84 /* APICenter.swift in Sources */ = {isa = PBXBuildFile; fileRef = C70438272B934A2B00089B84 /* APICenter.swift */; };
		C704382A2B934A6600089B84 /* APIRequest.swift in Sources */ = {isa = PBXBuildFile; fileRef = C70438292B934A6600089B84 /* APIRequest.swift */; };
		C704382C2B934A8700089B84 /* APIResponse.swift in Sources */ = {isa = PBXBuildFile; fileRef = C704382B2B934A8700089B84 /* APIResponse.swift */; };
		C704382E2B934AB600089B84 /* APIError.swift in Sources */ = {isa = PBXBuildFile; fileRef = C704382D2B934AB600089B84 /* APIError.swift */; };
		C70438302B934AE500089B84 /* BaseURL.swift in Sources */ = {isa = PBXBuildFile; fileRef = C704382F2B934AE500089B84 /* BaseURL.swift */; };
		C70438322B934B7400089B84 /* Extension+Double.swift in Sources */ = {isa = PBXBuildFile; fileRef = C70438312B934B7400089B84 /* Extension+Double.swift */; };
		C70438372B934C9B00089B84 /* WeatherInfo.swift in Sources */ = {isa = PBXBuildFile; fileRef = C70438362B934C9B00089B84 /* WeatherInfo.swift */; };
		C70438392B934E9600089B84 /* WeatherManager.swift in Sources */ = {isa = PBXBuildFile; fileRef = C70438382B934E9600089B84 /* WeatherManager.swift */; };
		C704383B2B9367A000089B84 /* Adaptation.swift in Sources */ = {isa = PBXBuildFile; fileRef = C704383A2B9367A000089B84 /* Adaptation.swift */; };
		C704383E2B9368D200089B84 /* ForecatTableViewCell.xib in Resources */ = {isa = PBXBuildFile; fileRef = C704383D2B9368D200089B84 /* ForecatTableViewCell.xib */; };
		C70438402B936B1D00089B84 /* ForecatTableViewCell.swift in Sources */ = {isa = PBXBuildFile; fileRef = C704383F2B936B1D00089B84 /* ForecatTableViewCell.swift */; };
		C70438482B938FB300089B84 /* GoSettingsView.swift in Sources */ = {isa = PBXBuildFile; fileRef = C70438472B938FB300089B84 /* GoSettingsView.swift */; };
		C704384A2B938FBB00089B84 /* GoSettingsView.xib in Resources */ = {isa = PBXBuildFile; fileRef = C70438492B938FBB00089B84 /* GoSettingsView.xib */; };
		C75C496F2B91E1370067528E /* AppDelegate.swift in Sources */ = {isa = PBXBuildFile; fileRef = C75C496E2B91E1370067528E /* AppDelegate.swift */; };
		C75C49712B91E1370067528E /* SceneDelegate.swift in Sources */ = {isa = PBXBuildFile; fileRef = C75C49702B91E1370067528E /* SceneDelegate.swift */; };
		C75C49732B91E1370067528E /* ViewController.swift in Sources */ = {isa = PBXBuildFile; fileRef = C75C49722B91E1370067528E /* ViewController.swift */; };
		C75C49762B91E1370067528E /* Main.storyboard in Resources */ = {isa = PBXBuildFile; fileRef = C75C49742B91E1370067528E /* Main.storyboard */; };
		C75C49782B91E1380067528E /* Assets.xcassets in Resources */ = {isa = PBXBuildFile; fileRef = C75C49772B91E1380067528E /* Assets.xcassets */; };
		C75C497B2B91E1380067528E /* LaunchScreen.storyboard in Resources */ = {isa = PBXBuildFile; fileRef = C75C49792B91E1380067528E /* LaunchScreen.storyboard */; };
		C75C49852B91E5530067528E /* RootTabBarController.swift in Sources */ = {isa = PBXBuildFile; fileRef = C75C49842B91E5530067528E /* RootTabBarController.swift */; };
		C75C49872B91E5700067528E /* TabBarView.swift in Sources */ = {isa = PBXBuildFile; fileRef = C75C49862B91E5700067528E /* TabBarView.swift */; };
		C75C498A2B91E5A90067528E /* TabBarViewModel.swift in Sources */ = {isa = PBXBuildFile; fileRef = C75C49892B91E5A90067528E /* TabBarViewModel.swift */; };
		C75C498D2B91F0110067528E /* Configuration.swift in Sources */ = {isa = PBXBuildFile; fileRef = C75C498C2B91F0110067528E /* Configuration.swift */; };
		C75C499A2B91F2360067528E /* SF-Pro-Rounded-Semibold.otf in Resources */ = {isa = PBXBuildFile; fileRef = C75C49912B91F2360067528E /* SF-Pro-Rounded-Semibold.otf */; };
		C75C499B2B91F2360067528E /* SF-Pro-Rounded-Regular.otf in Resources */ = {isa = PBXBuildFile; fileRef = C75C49922B91F2360067528E /* SF-Pro-Rounded-Regular.otf */; };
		C75C499C2B91F2360067528E /* SF-Pro-Rounded-Black.otf in Resources */ = {isa = PBXBuildFile; fileRef = C75C49932B91F2360067528E /* SF-Pro-Rounded-Black.otf */; };
		C75C499D2B91F2360067528E /* SF-Pro-Rounded-Light.otf in Resources */ = {isa = PBXBuildFile; fileRef = C75C49942B91F2360067528E /* SF-Pro-Rounded-Light.otf */; };
		C75C499E2B91F2360067528E /* SF-Pro-Rounded-Thin.otf in Resources */ = {isa = PBXBuildFile; fileRef = C75C49952B91F2360067528E /* SF-Pro-Rounded-Thin.otf */; };
		C75C499F2B91F2360067528E /* SF-Pro-Rounded-Medium.otf in Resources */ = {isa = PBXBuildFile; fileRef = C75C49962B91F2360067528E /* SF-Pro-Rounded-Medium.otf */; };
		C75C49A02B91F2360067528E /* SF-Pro-Rounded-Ultralight.otf in Resources */ = {isa = PBXBuildFile; fileRef = C75C49972B91F2360067528E /* SF-Pro-Rounded-Ultralight.otf */; };
		C75C49A12B91F2360067528E /* SF-Pro-Rounded-Heavy.otf in Resources */ = {isa = PBXBuildFile; fileRef = C75C49982B91F2360067528E /* SF-Pro-Rounded-Heavy.otf */; };
		C75C49A22B91F2360067528E /* SF-Pro-Rounded-Bold.otf in Resources */ = {isa = PBXBuildFile; fileRef = C75C49992B91F2360067528E /* SF-Pro-Rounded-Bold.otf */; };
		C75C49A42B91FBBD0067528E /* TabBarItemView.swift in Sources */ = {isa = PBXBuildFile; fileRef = C75C49A32B91FBBD0067528E /* TabBarItemView.swift */; };
		C75C49A62B920F190067528E /* RootTabBarControllerViewModel.swift in Sources */ = {isa = PBXBuildFile; fileRef = C75C49A52B920F190067528E /* RootTabBarControllerViewModel.swift */; };
		C75C49A92B921BB40067528E /* MainViewController.swift in Sources */ = {isa = PBXBuildFile; fileRef = C75C49A82B921BB40067528E /* MainViewController.swift */; };
		C75C49B02B921C050067528E /* MainViewControllerViewModel.swift in Sources */ = {isa = PBXBuildFile; fileRef = C75C49AF2B921C050067528E /* MainViewControllerViewModel.swift */; };
		C75C49B52B92216D0067528E /* ControllersFactory.swift in Sources */ = {isa = PBXBuildFile; fileRef = C75C49B42B92216D0067528E /* ControllersFactory.swift */; };
		C75C49B72B922C5E0067528E /* WeekForecastViewController.swift in Sources */ = {isa = PBXBuildFile; fileRef = C75C49B62B922C5E0067528E /* WeekForecastViewController.swift */; };
		C75C49BA2B922CCD0067528E /* WeekForecastViewControllerViewModel.swift in Sources */ = {isa = PBXBuildFile; fileRef = C75C49B92B922CCD0067528E /* WeekForecastViewControllerViewModel.swift */; };
		C7AD64862B94732A000D0A36 /* ChooseLocationViewController.swift in Sources */ = {isa = PBXBuildFile; fileRef = C7AD64852B94732A000D0A36 /* ChooseLocationViewController.swift */; };
		C7AD64882B947335000D0A36 /* ChooseLocationViewControllerViewModel.swift in Sources */ = {isa = PBXBuildFile; fileRef = C7AD64872B947335000D0A36 /* ChooseLocationViewControllerViewModel.swift */; };
		C7AD648B2B9489D4000D0A36 /* CityView.swift in Sources */ = {isa = PBXBuildFile; fileRef = C7AD648A2B9489D4000D0A36 /* CityView.swift */; };
		C7AD648D2B9489DC000D0A36 /* CityView.xib in Resources */ = {isa = PBXBuildFile; fileRef = C7AD648C2B9489DC000D0A36 /* CityView.xib */; };
		C7AD64902B94B3C5000D0A36 /* DoneCloseView.xib in Resources */ = {isa = PBXBuildFile; fileRef = C7AD648F2B94B3C5000D0A36 /* DoneCloseView.xib */; };
		C7AD64922B94B3CB000D0A36 /* DoneCloseView.swift in Sources */ = {isa = PBXBuildFile; fileRef = C7AD64912B94B3CB000D0A36 /* DoneCloseView.swift */; };
		C7AD64942B94C984000D0A36 /* StorageManager.swift in Sources */ = {isa = PBXBuildFile; fileRef = C7AD64932B94C984000D0A36 /* StorageManager.swift */; };
/* End PBXBuildFile section */

/* Begin PBXFileReference section */
		C704381E2B933DE500089B84 /* MainControllerContentView.swift */ = {isa = PBXFileReference; lastKnownFileType = sourcecode.swift; path = MainControllerContentView.swift; sourceTree = "<group>"; };
		C70438202B933DF800089B84 /* MainControllerContentView.xib */ = {isa = PBXFileReference; lastKnownFileType = file.xib; path = MainControllerContentView.xib; sourceTree = "<group>"; };
		C70438232B93468000089B84 /* UIView+roundCorners.swift */ = {isa = PBXFileReference; lastKnownFileType = sourcecode.swift; path = "UIView+roundCorners.swift"; sourceTree = "<group>"; };
		C70438272B934A2B00089B84 /* APICenter.swift */ = {isa = PBXFileReference; lastKnownFileType = sourcecode.swift; path = APICenter.swift; sourceTree = "<group>"; };
		C70438292B934A6600089B84 /* APIRequest.swift */ = {isa = PBXFileReference; lastKnownFileType = sourcecode.swift; path = APIRequest.swift; sourceTree = "<group>"; };
		C704382B2B934A8700089B84 /* APIResponse.swift */ = {isa = PBXFileReference; lastKnownFileType = sourcecode.swift; path = APIResponse.swift; sourceTree = "<group>"; };
		C704382D2B934AB600089B84 /* APIError.swift */ = {isa = PBXFileReference; lastKnownFileType = sourcecode.swift; path = APIError.swift; sourceTree = "<group>"; };
		C704382F2B934AE500089B84 /* BaseURL.swift */ = {isa = PBXFileReference; lastKnownFileType = sourcecode.swift; path = BaseURL.swift; sourceTree = "<group>"; };
		C70438312B934B7400089B84 /* Extension+Double.swift */ = {isa = PBXFileReference; lastKnownFileType = sourcecode.swift; path = "Extension+Double.swift"; sourceTree = "<group>"; };
		C70438362B934C9B00089B84 /* WeatherInfo.swift */ = {isa = PBXFileReference; lastKnownFileType = sourcecode.swift; path = WeatherInfo.swift; sourceTree = "<group>"; };
		C70438382B934E9600089B84 /* WeatherManager.swift */ = {isa = PBXFileReference; lastKnownFileType = sourcecode.swift; path = WeatherManager.swift; sourceTree = "<group>"; };
		C704383A2B9367A000089B84 /* Adaptation.swift */ = {isa = PBXFileReference; lastKnownFileType = sourcecode.swift; path = Adaptation.swift; sourceTree = "<group>"; };
		C704383D2B9368D200089B84 /* ForecatTableViewCell.xib */ = {isa = PBXFileReference; lastKnownFileType = file.xib; path = ForecatTableViewCell.xib; sourceTree = "<group>"; };
		C704383F2B936B1D00089B84 /* ForecatTableViewCell.swift */ = {isa = PBXFileReference; lastKnownFileType = sourcecode.swift; path = ForecatTableViewCell.swift; sourceTree = "<group>"; };
		C70438472B938FB300089B84 /* GoSettingsView.swift */ = {isa = PBXFileReference; lastKnownFileType = sourcecode.swift; path = GoSettingsView.swift; sourceTree = "<group>"; };
		C70438492B938FBB00089B84 /* GoSettingsView.xib */ = {isa = PBXFileReference; lastKnownFileType = file.xib; path = GoSettingsView.xib; sourceTree = "<group>"; };
		C75C496B2B91E1370067528E /* Weather.app */ = {isa = PBXFileReference; explicitFileType = wrapper.application; includeInIndex = 0; path = Weather.app; sourceTree = BUILT_PRODUCTS_DIR; };
		C75C496E2B91E1370067528E /* AppDelegate.swift */ = {isa = PBXFileReference; lastKnownFileType = sourcecode.swift; path = AppDelegate.swift; sourceTree = "<group>"; };
		C75C49702B91E1370067528E /* SceneDelegate.swift */ = {isa = PBXFileReference; lastKnownFileType = sourcecode.swift; path = SceneDelegate.swift; sourceTree = "<group>"; };
		C75C49722B91E1370067528E /* ViewController.swift */ = {isa = PBXFileReference; lastKnownFileType = sourcecode.swift; path = ViewController.swift; sourceTree = "<group>"; };
		C75C49752B91E1370067528E /* Base */ = {isa = PBXFileReference; lastKnownFileType = file.storyboard; name = Base; path = Base.lproj/Main.storyboard; sourceTree = "<group>"; };
		C75C49772B91E1380067528E /* Assets.xcassets */ = {isa = PBXFileReference; lastKnownFileType = folder.assetcatalog; path = Assets.xcassets; sourceTree = "<group>"; };
		C75C497A2B91E1380067528E /* Base */ = {isa = PBXFileReference; lastKnownFileType = file.storyboard; name = Base; path = Base.lproj/LaunchScreen.storyboard; sourceTree = "<group>"; };
		C75C497C2B91E1380067528E /* Info.plist */ = {isa = PBXFileReference; lastKnownFileType = text.plist.xml; path = Info.plist; sourceTree = "<group>"; };
		C75C49842B91E5530067528E /* RootTabBarController.swift */ = {isa = PBXFileReference; lastKnownFileType = sourcecode.swift; path = RootTabBarController.swift; sourceTree = "<group>"; };
		C75C49862B91E5700067528E /* TabBarView.swift */ = {isa = PBXFileReference; lastKnownFileType = sourcecode.swift; path = TabBarView.swift; sourceTree = "<group>"; };
		C75C49892B91E5A90067528E /* TabBarViewModel.swift */ = {isa = PBXFileReference; lastKnownFileType = sourcecode.swift; path = TabBarViewModel.swift; sourceTree = "<group>"; };
		C75C498C2B91F0110067528E /* Configuration.swift */ = {isa = PBXFileReference; lastKnownFileType = sourcecode.swift; path = Configuration.swift; sourceTree = "<group>"; };
		C75C49912B91F2360067528E /* SF-Pro-Rounded-Semibold.otf */ = {isa = PBXFileReference; lastKnownFileType = file; path = "SF-Pro-Rounded-Semibold.otf"; sourceTree = "<group>"; };
		C75C49922B91F2360067528E /* SF-Pro-Rounded-Regular.otf */ = {isa = PBXFileReference; lastKnownFileType = file; path = "SF-Pro-Rounded-Regular.otf"; sourceTree = "<group>"; };
		C75C49932B91F2360067528E /* SF-Pro-Rounded-Black.otf */ = {isa = PBXFileReference; lastKnownFileType = file; path = "SF-Pro-Rounded-Black.otf"; sourceTree = "<group>"; };
		C75C49942B91F2360067528E /* SF-Pro-Rounded-Light.otf */ = {isa = PBXFileReference; lastKnownFileType = file; path = "SF-Pro-Rounded-Light.otf"; sourceTree = "<group>"; };
		C75C49952B91F2360067528E /* SF-Pro-Rounded-Thin.otf */ = {isa = PBXFileReference; lastKnownFileType = file; path = "SF-Pro-Rounded-Thin.otf"; sourceTree = "<group>"; };
		C75C49962B91F2360067528E /* SF-Pro-Rounded-Medium.otf */ = {isa = PBXFileReference; lastKnownFileType = file; path = "SF-Pro-Rounded-Medium.otf"; sourceTree = "<group>"; };
		C75C49972B91F2360067528E /* SF-Pro-Rounded-Ultralight.otf */ = {isa = PBXFileReference; lastKnownFileType = file; path = "SF-Pro-Rounded-Ultralight.otf"; sourceTree = "<group>"; };
		C75C49982B91F2360067528E /* SF-Pro-Rounded-Heavy.otf */ = {isa = PBXFileReference; lastKnownFileType = file; path = "SF-Pro-Rounded-Heavy.otf"; sourceTree = "<group>"; };
		C75C49992B91F2360067528E /* SF-Pro-Rounded-Bold.otf */ = {isa = PBXFileReference; lastKnownFileType = file; path = "SF-Pro-Rounded-Bold.otf"; sourceTree = "<group>"; };
		C75C49A32B91FBBD0067528E /* TabBarItemView.swift */ = {isa = PBXFileReference; lastKnownFileType = sourcecode.swift; path = TabBarItemView.swift; sourceTree = "<group>"; };
		C75C49A52B920F190067528E /* RootTabBarControllerViewModel.swift */ = {isa = PBXFileReference; lastKnownFileType = sourcecode.swift; path = RootTabBarControllerViewModel.swift; sourceTree = "<group>"; };
		C75C49A82B921BB40067528E /* MainViewController.swift */ = {isa = PBXFileReference; lastKnownFileType = sourcecode.swift; path = MainViewController.swift; sourceTree = "<group>"; };
		C75C49AF2B921C050067528E /* MainViewControllerViewModel.swift */ = {isa = PBXFileReference; lastKnownFileType = sourcecode.swift; path = MainViewControllerViewModel.swift; sourceTree = "<group>"; };
		C75C49B42B92216D0067528E /* ControllersFactory.swift */ = {isa = PBXFileReference; lastKnownFileType = sourcecode.swift; path = ControllersFactory.swift; sourceTree = "<group>"; };
		C75C49B62B922C5E0067528E /* WeekForecastViewController.swift */ = {isa = PBXFileReference; lastKnownFileType = sourcecode.swift; path = WeekForecastViewController.swift; sourceTree = "<group>"; };
		C75C49B92B922CCD0067528E /* WeekForecastViewControllerViewModel.swift */ = {isa = PBXFileReference; lastKnownFileType = sourcecode.swift; path = WeekForecastViewControllerViewModel.swift; sourceTree = "<group>"; };
		C7AD64852B94732A000D0A36 /* ChooseLocationViewController.swift */ = {isa = PBXFileReference; lastKnownFileType = sourcecode.swift; path = ChooseLocationViewController.swift; sourceTree = "<group>"; };
		C7AD64872B947335000D0A36 /* ChooseLocationViewControllerViewModel.swift */ = {isa = PBXFileReference; lastKnownFileType = sourcecode.swift; path = ChooseLocationViewControllerViewModel.swift; sourceTree = "<group>"; };
		C7AD648A2B9489D4000D0A36 /* CityView.swift */ = {isa = PBXFileReference; lastKnownFileType = sourcecode.swift; path = CityView.swift; sourceTree = "<group>"; };
		C7AD648C2B9489DC000D0A36 /* CityView.xib */ = {isa = PBXFileReference; lastKnownFileType = file.xib; path = CityView.xib; sourceTree = "<group>"; };
		C7AD648F2B94B3C5000D0A36 /* DoneCloseView.xib */ = {isa = PBXFileReference; lastKnownFileType = file.xib; path = DoneCloseView.xib; sourceTree = "<group>"; };
		C7AD64912B94B3CB000D0A36 /* DoneCloseView.swift */ = {isa = PBXFileReference; lastKnownFileType = sourcecode.swift; path = DoneCloseView.swift; sourceTree = "<group>"; };
		C7AD64932B94C984000D0A36 /* StorageManager.swift */ = {isa = PBXFileReference; lastKnownFileType = sourcecode.swift; path = StorageManager.swift; sourceTree = "<group>"; };
/* End PBXFileReference section */

/* Begin PBXFrameworksBuildPhase section */
		C75C49682B91E1370067528E /* Frameworks */ = {
			isa = PBXFrameworksBuildPhase;
			buildActionMask = 2147483647;
			files = (
			);
			runOnlyForDeploymentPostprocessing = 0;
		};
/* End PBXFrameworksBuildPhase section */

/* Begin PBXGroup section */
		C704381D2B933DCA00089B84 /* MainControllerContentView */ = {
			isa = PBXGroup;
			children = (
				C704381E2B933DE500089B84 /* MainControllerContentView.swift */,
				C70438202B933DF800089B84 /* MainControllerContentView.xib */,
			);
			path = MainControllerContentView;
			sourceTree = "<group>";
		};
		C70438222B93467200089B84 /* Extensions */ = {
			isa = PBXGroup;
			children = (
				C70438232B93468000089B84 /* UIView+roundCorners.swift */,
				C70438312B934B7400089B84 /* Extension+Double.swift */,
			);
			path = Extensions;
			sourceTree = "<group>";
		};
		C70438252B9349DA00089B84 /* Services */ = {
			isa = PBXGroup;
			children = (
				C70438382B934E9600089B84 /* WeatherManager.swift */,
				C7AD64932B94C984000D0A36 /* StorageManager.swift */,
			);
			path = Services;
			sourceTree = "<group>";
		};
		C70438262B934A1100089B84 /* Networking */ = {
			isa = PBXGroup;
			children = (
				C70438272B934A2B00089B84 /* APICenter.swift */,
				C70438292B934A6600089B84 /* APIRequest.swift */,
				C704382B2B934A8700089B84 /* APIResponse.swift */,
				C704382D2B934AB600089B84 /* APIError.swift */,
				C704382F2B934AE500089B84 /* BaseURL.swift */,
			);
			path = Networking;
			sourceTree = "<group>";
		};
		C70438352B934C8300089B84 /* Models */ = {
			isa = PBXGroup;
			children = (
				C70438362B934C9B00089B84 /* WeatherInfo.swift */,
			);
			path = Models;
			sourceTree = "<group>";
		};
		C704383C2B93687300089B84 /* ForecatTableView */ = {
			isa = PBXGroup;
			children = (
				C704383D2B9368D200089B84 /* ForecatTableViewCell.xib */,
				C704383F2B936B1D00089B84 /* ForecatTableViewCell.swift */,
			);
			path = ForecatTableView;
			sourceTree = "<group>";
		};
		C70438462B938F9300089B84 /* GoSettingsView */ = {
			isa = PBXGroup;
			children = (
				C70438472B938FB300089B84 /* GoSettingsView.swift */,
				C70438492B938FBB00089B84 /* GoSettingsView.xib */,
			);
			path = GoSettingsView;
			sourceTree = "<group>";
		};
		C75C49622B91E1370067528E = {
			isa = PBXGroup;
			children = (
				C75C496D2B91E1370067528E /* Weather */,
				C75C496C2B91E1370067528E /* Products */,
			);
			sourceTree = "<group>";
		};
		C75C496C2B91E1370067528E /* Products */ = {
			isa = PBXGroup;
			children = (
				C75C496B2B91E1370067528E /* Weather.app */,
			);
			name = Products;
			sourceTree = "<group>";
		};
		C75C496D2B91E1370067528E /* Weather */ = {
			isa = PBXGroup;
			children = (
				C75C49B12B9221300067528E /* App */,
				C75C498B2B91F0040067528E /* Core */,
				C75C49822B91E4BF0067528E /* Flows */,
				C75C498E2B91F2060067528E /* Resources */,
				C75C49722B91E1370067528E /* ViewController.swift */,
				C75C49742B91E1370067528E /* Main.storyboard */,
				C75C49792B91E1380067528E /* LaunchScreen.storyboard */,
				C75C497C2B91E1380067528E /* Info.plist */,
			);
			path = Weather;
			sourceTree = "<group>";
		};
		C75C49822B91E4BF0067528E /* Flows */ = {
			isa = PBXGroup;
			children = (
				C7AD64842B9472FB000D0A36 /* ChooseLocationViewController */,
				C75C49B82B922CAF0067528E /* WeekForecastViewController */,
				C75C49A72B921BA40067528E /* MainViewController */,
				C75C49832B91E5340067528E /* TabBarController */,
			);
			path = Flows;
			sourceTree = "<group>";
		};
		C75C49832B91E5340067528E /* TabBarController */ = {
			isa = PBXGroup;
			children = (
				C7AD64892B9489C2000D0A36 /* CityView */,
				C75C49882B91E5900067528E /* TabBarView */,
				C70438462B938F9300089B84 /* GoSettingsView */,
				C75C49842B91E5530067528E /* RootTabBarController.swift */,
				C75C49A52B920F190067528E /* RootTabBarControllerViewModel.swift */,
			);
			path = TabBarController;
			sourceTree = "<group>";
		};
		C75C49882B91E5900067528E /* TabBarView */ = {
			isa = PBXGroup;
			children = (
				C75C49862B91E5700067528E /* TabBarView.swift */,
				C75C49892B91E5A90067528E /* TabBarViewModel.swift */,
				C75C49A32B91FBBD0067528E /* TabBarItemView.swift */,
			);
			path = TabBarView;
			sourceTree = "<group>";
		};
		C75C498B2B91F0040067528E /* Core */ = {
			isa = PBXGroup;
			children = (
				C70438222B93467200089B84 /* Extensions */,
				C75C498C2B91F0110067528E /* Configuration.swift */,
				C704383A2B9367A000089B84 /* Adaptation.swift */,
			);
			path = Core;
			sourceTree = "<group>";
		};
		C75C498E2B91F2060067528E /* Resources */ = {
			isa = PBXGroup;
			children = (
				C75C498F2B91F21F0067528E /* Fonts */,
				C75C49772B91E1380067528E /* Assets.xcassets */,
			);
			path = Resources;
			sourceTree = "<group>";
		};
		C75C498F2B91F21F0067528E /* Fonts */ = {
			isa = PBXGroup;
			children = (
				C75C49902B91F2360067528E /* sf rounded */,
			);
			path = Fonts;
			sourceTree = "<group>";
		};
		C75C49902B91F2360067528E /* sf rounded */ = {
			isa = PBXGroup;
			children = (
				C75C49912B91F2360067528E /* SF-Pro-Rounded-Semibold.otf */,
				C75C49922B91F2360067528E /* SF-Pro-Rounded-Regular.otf */,
				C75C49932B91F2360067528E /* SF-Pro-Rounded-Black.otf */,
				C75C49942B91F2360067528E /* SF-Pro-Rounded-Light.otf */,
				C75C49952B91F2360067528E /* SF-Pro-Rounded-Thin.otf */,
				C75C49962B91F2360067528E /* SF-Pro-Rounded-Medium.otf */,
				C75C49972B91F2360067528E /* SF-Pro-Rounded-Ultralight.otf */,
				C75C49982B91F2360067528E /* SF-Pro-Rounded-Heavy.otf */,
				C75C49992B91F2360067528E /* SF-Pro-Rounded-Bold.otf */,
			);
			path = "sf rounded";
			sourceTree = "<group>";
		};
		C75C49A72B921BA40067528E /* MainViewController */ = {
			isa = PBXGroup;
			children = (
				C75C49A82B921BB40067528E /* MainViewController.swift */,
				C75C49AF2B921C050067528E /* MainViewControllerViewModel.swift */,
				C704381D2B933DCA00089B84 /* MainControllerContentView */,
			);
			path = MainViewController;
			sourceTree = "<group>";
		};
		C75C49B12B9221300067528E /* App */ = {
			isa = PBXGroup;
			children = (
				C75C49B22B92213D0067528E /* AppDelegate */,
				C70438262B934A1100089B84 /* Networking */,
				C70438352B934C8300089B84 /* Models */,
				C70438252B9349DA00089B84 /* Services */,
				C75C49B32B9221500067528E /* Factories */,
			);
			path = App;
			sourceTree = "<group>";
		};
		C75C49B22B92213D0067528E /* AppDelegate */ = {
			isa = PBXGroup;
			children = (
				C75C496E2B91E1370067528E /* AppDelegate.swift */,
				C75C49702B91E1370067528E /* SceneDelegate.swift */,
			);
			path = AppDelegate;
			sourceTree = "<group>";
		};
		C75C49B32B9221500067528E /* Factories */ = {
			isa = PBXGroup;
			children = (
				C75C49B42B92216D0067528E /* ControllersFactory.swift */,
			);
			path = Factories;
			sourceTree = "<group>";
		};
		C75C49B82B922CAF0067528E /* WeekForecastViewController */ = {
			isa = PBXGroup;
			children = (
				C704383C2B93687300089B84 /* ForecatTableView */,
				C75C49B62B922C5E0067528E /* WeekForecastViewController.swift */,
				C75C49B92B922CCD0067528E /* WeekForecastViewControllerViewModel.swift */,
			);
			path = WeekForecastViewController;
			sourceTree = "<group>";
		};
		C7AD64842B9472FB000D0A36 /* ChooseLocationViewController */ = {
			isa = PBXGroup;
			children = (
				C7AD648E2B94B3B5000D0A36 /* DoneCloseView */,
				C7AD64872B947335000D0A36 /* ChooseLocationViewControllerViewModel.swift */,
				C7AD64852B94732A000D0A36 /* ChooseLocationViewController.swift */,
			);
			path = ChooseLocationViewController;
			sourceTree = "<group>";
		};
		C7AD64892B9489C2000D0A36 /* CityView */ = {
			isa = PBXGroup;
			children = (
				C7AD648A2B9489D4000D0A36 /* CityView.swift */,
				C7AD648C2B9489DC000D0A36 /* CityView.xib */,
			);
			path = CityView;
			sourceTree = "<group>";
		};
		C7AD648E2B94B3B5000D0A36 /* DoneCloseView */ = {
			isa = PBXGroup;
			children = (
				C7AD648F2B94B3C5000D0A36 /* DoneCloseView.xib */,
				C7AD64912B94B3CB000D0A36 /* DoneCloseView.swift */,
			);
			path = DoneCloseView;
			sourceTree = "<group>";
		};
/* End PBXGroup section */

/* Begin PBXNativeTarget section */
		C75C496A2B91E1370067528E /* Weather */ = {
			isa = PBXNativeTarget;
			buildConfigurationList = C75C497F2B91E1380067528E /* Build configuration list for PBXNativeTarget "Weather" */;
			buildPhases = (
				C75C49672B91E1370067528E /* Sources */,
				C75C49682B91E1370067528E /* Frameworks */,
				C75C49692B91E1370067528E /* Resources */,
			);
			buildRules = (
			);
			dependencies = (
			);
			name = Weather;
			productName = Weather;
			productReference = C75C496B2B91E1370067528E /* Weather.app */;
			productType = "com.apple.product-type.application";
		};
/* End PBXNativeTarget section */

/* Begin PBXProject section */
		C75C49632B91E1370067528E /* Project object */ = {
			isa = PBXProject;
			attributes = {
				BuildIndependentTargetsInParallel = 1;
				LastSwiftUpdateCheck = 1500;
				LastUpgradeCheck = 1500;
				TargetAttributes = {
					C75C496A2B91E1370067528E = {
						CreatedOnToolsVersion = 15.0;
					};
				};
			};
			buildConfigurationList = C75C49662B91E1370067528E /* Build configuration list for PBXProject "Weather" */;
			compatibilityVersion = "Xcode 14.0";
			developmentRegion = en;
			hasScannedForEncodings = 0;
			knownRegions = (
				en,
				Base,
			);
			mainGroup = C75C49622B91E1370067528E;
			productRefGroup = C75C496C2B91E1370067528E /* Products */;
			projectDirPath = "";
			projectRoot = "";
			targets = (
				C75C496A2B91E1370067528E /* Weather */,
			);
		};
/* End PBXProject section */

/* Begin PBXResourcesBuildPhase section */
		C75C49692B91E1370067528E /* Resources */ = {
			isa = PBXResourcesBuildPhase;
			buildActionMask = 2147483647;
			files = (
				C75C499F2B91F2360067528E /* SF-Pro-Rounded-Medium.otf in Resources */,
				C7AD648D2B9489DC000D0A36 /* CityView.xib in Resources */,
				C75C497B2B91E1380067528E /* LaunchScreen.storyboard in Resources */,
				C704384A2B938FBB00089B84 /* GoSettingsView.xib in Resources */,
				C75C499B2B91F2360067528E /* SF-Pro-Rounded-Regular.otf in Resources */,
				C75C499C2B91F2360067528E /* SF-Pro-Rounded-Black.otf in Resources */,
				C75C499E2B91F2360067528E /* SF-Pro-Rounded-Thin.otf in Resources */,
				C75C499D2B91F2360067528E /* SF-Pro-Rounded-Light.otf in Resources */,
				C7AD64902B94B3C5000D0A36 /* DoneCloseView.xib in Resources */,
				C75C49782B91E1380067528E /* Assets.xcassets in Resources */,
				C75C49762B91E1370067528E /* Main.storyboard in Resources */,
				C75C49A02B91F2360067528E /* SF-Pro-Rounded-Ultralight.otf in Resources */,
				C75C49A22B91F2360067528E /* SF-Pro-Rounded-Bold.otf in Resources */,
				C704383E2B9368D200089B84 /* ForecatTableViewCell.xib in Resources */,
				C75C49A12B91F2360067528E /* SF-Pro-Rounded-Heavy.otf in Resources */,
				C70438212B933DF800089B84 /* MainControllerContentView.xib in Resources */,
				C75C499A2B91F2360067528E /* SF-Pro-Rounded-Semibold.otf in Resources */,
			);
			runOnlyForDeploymentPostprocessing = 0;
		};
/* End PBXResourcesBuildPhase section */

/* Begin PBXSourcesBuildPhase section */
		C75C49672B91E1370067528E /* Sources */ = {
			isa = PBXSourcesBuildPhase;
			buildActionMask = 2147483647;
			files = (
				C75C49732B91E1370067528E /* ViewController.swift in Sources */,
				C7AD648B2B9489D4000D0A36 /* CityView.swift in Sources */,
				C70438282B934A2B00089B84 /* APICenter.swift in Sources */,
				C70438402B936B1D00089B84 /* ForecatTableViewCell.swift in Sources */,
				C70438372B934C9B00089B84 /* WeatherInfo.swift in Sources */,
				C704383B2B9367A000089B84 /* Adaptation.swift in Sources */,
				C70438302B934AE500089B84 /* BaseURL.swift in Sources */,
				C75C49852B91E5530067528E /* RootTabBarController.swift in Sources */,
				C75C49BA2B922CCD0067528E /* WeekForecastViewControllerViewModel.swift in Sources */,
				C75C498D2B91F0110067528E /* Configuration.swift in Sources */,
				C75C49B52B92216D0067528E /* ControllersFactory.swift in Sources */,
				C75C49B72B922C5E0067528E /* WeekForecastViewController.swift in Sources */,
				C704381F2B933DE500089B84 /* MainControllerContentView.swift in Sources */,
				C75C49A62B920F190067528E /* RootTabBarControllerViewModel.swift in Sources */,
				C75C496F2B91E1370067528E /* AppDelegate.swift in Sources */,
				C7AD64862B94732A000D0A36 /* ChooseLocationViewController.swift in Sources */,
				C75C49B02B921C050067528E /* MainViewControllerViewModel.swift in Sources */,
				C70438482B938FB300089B84 /* GoSettingsView.swift in Sources */,
				C70438322B934B7400089B84 /* Extension+Double.swift in Sources */,
				C75C49872B91E5700067528E /* TabBarView.swift in Sources */,
				C75C49A42B91FBBD0067528E /* TabBarItemView.swift in Sources */,
				C704382E2B934AB600089B84 /* APIError.swift in Sources */,
				C70438242B93468000089B84 /* UIView+roundCorners.swift in Sources */,
				C70438392B934E9600089B84 /* WeatherManager.swift in Sources */,
				C7AD64922B94B3CB000D0A36 /* DoneCloseView.swift in Sources */,
				C75C498A2B91E5A90067528E /* TabBarViewModel.swift in Sources */,
				C75C49712B91E1370067528E /* SceneDelegate.swift in Sources */,
				C704382A2B934A6600089B84 /* APIRequest.swift in Sources */,
				C7AD64882B947335000D0A36 /* ChooseLocationViewControllerViewModel.swift in Sources */,
				C75C49A92B921BB40067528E /* MainViewController.swift in Sources */,
				C704382C2B934A8700089B84 /* APIResponse.swift in Sources */,
				C7AD64942B94C984000D0A36 /* StorageManager.swift in Sources */,
			);
			runOnlyForDeploymentPostprocessing = 0;
		};
/* End PBXSourcesBuildPhase section */

/* Begin PBXVariantGroup section */
		C75C49742B91E1370067528E /* Main.storyboard */ = {
			isa = PBXVariantGroup;
			children = (
				C75C49752B91E1370067528E /* Base */,
			);
			name = Main.storyboard;
			sourceTree = "<group>";
		};
		C75C49792B91E1380067528E /* LaunchScreen.storyboard */ = {
			isa = PBXVariantGroup;
			children = (
				C75C497A2B91E1380067528E /* Base */,
			);
			name = LaunchScreen.storyboard;
			sourceTree = "<group>";
		};
/* End PBXVariantGroup section */

/* Begin XCBuildConfiguration section */
		C75C497D2B91E1380067528E /* Debug */ = {
			isa = XCBuildConfiguration;
			buildSettings = {
				ALWAYS_SEARCH_USER_PATHS = NO;
				ASSETCATALOG_COMPILER_GENERATE_SWIFT_ASSET_SYMBOL_EXTENSIONS = YES;
				CLANG_ANALYZER_NONNULL = YES;
				CLANG_ANALYZER_NUMBER_OBJECT_CONVERSION = YES_AGGRESSIVE;
				CLANG_CXX_LANGUAGE_STANDARD = "gnu++20";
				CLANG_ENABLE_MODULES = YES;
				CLANG_ENABLE_OBJC_ARC = YES;
				CLANG_ENABLE_OBJC_WEAK = YES;
				CLANG_WARN_BLOCK_CAPTURE_AUTORELEASING = YES;
				CLANG_WARN_BOOL_CONVERSION = YES;
				CLANG_WARN_COMMA = YES;
				CLANG_WARN_CONSTANT_CONVERSION = YES;
				CLANG_WARN_DEPRECATED_OBJC_IMPLEMENTATIONS = YES;
				CLANG_WARN_DIRECT_OBJC_ISA_USAGE = YES_ERROR;
				CLANG_WARN_DOCUMENTATION_COMMENTS = YES;
				CLANG_WARN_EMPTY_BODY = YES;
				CLANG_WARN_ENUM_CONVERSION = YES;
				CLANG_WARN_INFINITE_RECURSION = YES;
				CLANG_WARN_INT_CONVERSION = YES;
				CLANG_WARN_NON_LITERAL_NULL_CONVERSION = YES;
				CLANG_WARN_OBJC_IMPLICIT_RETAIN_SELF = YES;
				CLANG_WARN_OBJC_LITERAL_CONVERSION = YES;
				CLANG_WARN_OBJC_ROOT_CLASS = YES_ERROR;
				CLANG_WARN_QUOTED_INCLUDE_IN_FRAMEWORK_HEADER = YES;
				CLANG_WARN_RANGE_LOOP_ANALYSIS = YES;
				CLANG_WARN_STRICT_PROTOTYPES = YES;
				CLANG_WARN_SUSPICIOUS_MOVE = YES;
				CLANG_WARN_UNGUARDED_AVAILABILITY = YES_AGGRESSIVE;
				CLANG_WARN_UNREACHABLE_CODE = YES;
				CLANG_WARN__DUPLICATE_METHOD_MATCH = YES;
				COPY_PHASE_STRIP = NO;
				DEBUG_INFORMATION_FORMAT = dwarf;
				ENABLE_STRICT_OBJC_MSGSEND = YES;
				ENABLE_TESTABILITY = YES;
				ENABLE_USER_SCRIPT_SANDBOXING = YES;
				GCC_C_LANGUAGE_STANDARD = gnu17;
				GCC_DYNAMIC_NO_PIC = NO;
				GCC_NO_COMMON_BLOCKS = YES;
				GCC_OPTIMIZATION_LEVEL = 0;
				GCC_PREPROCESSOR_DEFINITIONS = (
					"DEBUG=1",
					"$(inherited)",
				);
				GCC_WARN_64_TO_32_BIT_CONVERSION = YES;
				GCC_WARN_ABOUT_RETURN_TYPE = YES_ERROR;
				GCC_WARN_UNDECLARED_SELECTOR = YES;
				GCC_WARN_UNINITIALIZED_AUTOS = YES_AGGRESSIVE;
				GCC_WARN_UNUSED_FUNCTION = YES;
				GCC_WARN_UNUSED_VARIABLE = YES;
				IPHONEOS_DEPLOYMENT_TARGET = 17.0;
				LOCALIZATION_PREFERS_STRING_CATALOGS = YES;
				MTL_ENABLE_DEBUG_INFO = INCLUDE_SOURCE;
				MTL_FAST_MATH = YES;
				ONLY_ACTIVE_ARCH = YES;
				SDKROOT = iphoneos;
				SWIFT_ACTIVE_COMPILATION_CONDITIONS = "DEBUG $(inherited)";
				SWIFT_OPTIMIZATION_LEVEL = "-Onone";
			};
			name = Debug;
		};
		C75C497E2B91E1380067528E /* Release */ = {
			isa = XCBuildConfiguration;
			buildSettings = {
				ALWAYS_SEARCH_USER_PATHS = NO;
				ASSETCATALOG_COMPILER_GENERATE_SWIFT_ASSET_SYMBOL_EXTENSIONS = YES;
				CLANG_ANALYZER_NONNULL = YES;
				CLANG_ANALYZER_NUMBER_OBJECT_CONVERSION = YES_AGGRESSIVE;
				CLANG_CXX_LANGUAGE_STANDARD = "gnu++20";
				CLANG_ENABLE_MODULES = YES;
				CLANG_ENABLE_OBJC_ARC = YES;
				CLANG_ENABLE_OBJC_WEAK = YES;
				CLANG_WARN_BLOCK_CAPTURE_AUTORELEASING = YES;
				CLANG_WARN_BOOL_CONVERSION = YES;
				CLANG_WARN_COMMA = YES;
				CLANG_WARN_CONSTANT_CONVERSION = YES;
				CLANG_WARN_DEPRECATED_OBJC_IMPLEMENTATIONS = YES;
				CLANG_WARN_DIRECT_OBJC_ISA_USAGE = YES_ERROR;
				CLANG_WARN_DOCUMENTATION_COMMENTS = YES;
				CLANG_WARN_EMPTY_BODY = YES;
				CLANG_WARN_ENUM_CONVERSION = YES;
				CLANG_WARN_INFINITE_RECURSION = YES;
				CLANG_WARN_INT_CONVERSION = YES;
				CLANG_WARN_NON_LITERAL_NULL_CONVERSION = YES;
				CLANG_WARN_OBJC_IMPLICIT_RETAIN_SELF = YES;
				CLANG_WARN_OBJC_LITERAL_CONVERSION = YES;
				CLANG_WARN_OBJC_ROOT_CLASS = YES_ERROR;
				CLANG_WARN_QUOTED_INCLUDE_IN_FRAMEWORK_HEADER = YES;
				CLANG_WARN_RANGE_LOOP_ANALYSIS = YES;
				CLANG_WARN_STRICT_PROTOTYPES = YES;
				CLANG_WARN_SUSPICIOUS_MOVE = YES;
				CLANG_WARN_UNGUARDED_AVAILABILITY = YES_AGGRESSIVE;
				CLANG_WARN_UNREACHABLE_CODE = YES;
				CLANG_WARN__DUPLICATE_METHOD_MATCH = YES;
				COPY_PHASE_STRIP = NO;
				DEBUG_INFORMATION_FORMAT = "dwarf-with-dsym";
				ENABLE_NS_ASSERTIONS = NO;
				ENABLE_STRICT_OBJC_MSGSEND = YES;
				ENABLE_USER_SCRIPT_SANDBOXING = YES;
				GCC_C_LANGUAGE_STANDARD = gnu17;
				GCC_NO_COMMON_BLOCKS = YES;
				GCC_WARN_64_TO_32_BIT_CONVERSION = YES;
				GCC_WARN_ABOUT_RETURN_TYPE = YES_ERROR;
				GCC_WARN_UNDECLARED_SELECTOR = YES;
				GCC_WARN_UNINITIALIZED_AUTOS = YES_AGGRESSIVE;
				GCC_WARN_UNUSED_FUNCTION = YES;
				GCC_WARN_UNUSED_VARIABLE = YES;
				IPHONEOS_DEPLOYMENT_TARGET = 17.0;
				LOCALIZATION_PREFERS_STRING_CATALOGS = YES;
				MTL_ENABLE_DEBUG_INFO = NO;
				MTL_FAST_MATH = YES;
				SDKROOT = iphoneos;
				SWIFT_COMPILATION_MODE = wholemodule;
				VALIDATE_PRODUCT = YES;
			};
			name = Release;
		};
		C75C49802B91E1380067528E /* Debug */ = {
			isa = XCBuildConfiguration;
			buildSettings = {
				ASSETCATALOG_COMPILER_APPICON_NAME = AppIcon;
				ASSETCATALOG_COMPILER_GLOBAL_ACCENT_COLOR_NAME = AccentColor;
				CODE_SIGN_STYLE = Automatic;
				CURRENT_PROJECT_VERSION = 1;
				DEVELOPMENT_TEAM = U3CW6VYN2Y;
				GENERATE_INFOPLIST_FILE = YES;
				INFOPLIST_FILE = Weather/Info.plist;
				INFOPLIST_KEY_CFBundleDisplayName = Weather;
				INFOPLIST_KEY_NSLocationAlwaysUsageDescription = "Need Locations";
				INFOPLIST_KEY_NSLocationWhenInUseUsageDescription = "Need Locations";
				INFOPLIST_KEY_UIApplicationSupportsIndirectInputEvents = YES;
				INFOPLIST_KEY_UILaunchStoryboardName = LaunchScreen;
				INFOPLIST_KEY_UIMainStoryboardFile = Main;
				INFOPLIST_KEY_UIRequiredDeviceCapabilities = armv7;
				INFOPLIST_KEY_UIStatusBarHidden = YES;
				INFOPLIST_KEY_UIStatusBarStyle = "";
				INFOPLIST_KEY_UISupportedInterfaceOrientations = UIInterfaceOrientationPortrait;
				INFOPLIST_KEY_UISupportedInterfaceOrientations_iPad = "UIInterfaceOrientationLandscapeLeft UIInterfaceOrientationLandscapeRight UIInterfaceOrientationPortrait UIInterfaceOrientationPortraitUpsideDown";
				INFOPLIST_KEY_UISupportedInterfaceOrientations_iPhone = "UIInterfaceOrientationPortrait UIInterfaceOrientationLandscapeLeft UIInterfaceOrientationLandscapeRight";
				LD_RUNPATH_SEARCH_PATHS = (
					"$(inherited)",
					"@executable_path/Frameworks",
				);
				MARKETING_VERSION = 1.0;
				PRODUCT_BUNDLE_IDENTIFIER = com.angerovaalina.weather;
				PRODUCT_NAME = "$(TARGET_NAME)";
				SWIFT_EMIT_LOC_STRINGS = YES;
				SWIFT_VERSION = 5.0;
				TARGETED_DEVICE_FAMILY = "1,2";
			};
			name = Debug;
		};
		C75C49812B91E1380067528E /* Release */ = {
			isa = XCBuildConfiguration;
			buildSettings = {
				ASSETCATALOG_COMPILER_APPICON_NAME = AppIcon;
				ASSETCATALOG_COMPILER_GLOBAL_ACCENT_COLOR_NAME = AccentColor;
				CODE_SIGN_STYLE = Automatic;
				CURRENT_PROJECT_VERSION = 1;
				DEVELOPMENT_TEAM = U3CW6VYN2Y;
				GENERATE_INFOPLIST_FILE = YES;
				INFOPLIST_FILE = Weather/Info.plist;
				INFOPLIST_KEY_CFBundleDisplayName = Weather;
				INFOPLIST_KEY_NSLocationAlwaysUsageDescription = "Need Locations";
				INFOPLIST_KEY_NSLocationWhenInUseUsageDescription = "Need Locations";
				INFOPLIST_KEY_UIApplicationSupportsIndirectInputEvents = YES;
				INFOPLIST_KEY_UILaunchStoryboardName = LaunchScreen;
				INFOPLIST_KEY_UIMainStoryboardFile = Main;
				INFOPLIST_KEY_UIRequiredDeviceCapabilities = armv7;
				INFOPLIST_KEY_UIStatusBarHidden = YES;
				INFOPLIST_KEY_UIStatusBarStyle = "";
				INFOPLIST_KEY_UISupportedInterfaceOrientations = UIInterfaceOrientationPortrait;
				INFOPLIST_KEY_UISupportedInterfaceOrientations_iPad = "UIInterfaceOrientationLandscapeLeft UIInterfaceOrientationLandscapeRight UIInterfaceOrientationPortrait UIInterfaceOrientationPortraitUpsideDown";
				INFOPLIST_KEY_UISupportedInterfaceOrientations_iPhone = "UIInterfaceOrientationPortrait UIInterfaceOrientationLandscapeLeft UIInterfaceOrientationLandscapeRight";
				LD_RUNPATH_SEARCH_PATHS = (
					"$(inherited)",
					"@executable_path/Frameworks",
				);
				MARKETING_VERSION = 1.0;
				PRODUCT_BUNDLE_IDENTIFIER = com.angerovaalina.weather;
				PRODUCT_NAME = "$(TARGET_NAME)";
				SWIFT_EMIT_LOC_STRINGS = YES;
				SWIFT_VERSION = 5.0;
				TARGETED_DEVICE_FAMILY = "1,2";
			};
			name = Release;
		};
/* End XCBuildConfiguration section */

/* Begin XCConfigurationList section */
		C75C49662B91E1370067528E /* Build configuration list for PBXProject "Weather" */ = {
			isa = XCConfigurationList;
			buildConfigurations = (
				C75C497D2B91E1380067528E /* Debug */,
				C75C497E2B91E1380067528E /* Release */,
			);
			defaultConfigurationIsVisible = 0;
			defaultConfigurationName = Release;
		};
		C75C497F2B91E1380067528E /* Build configuration list for PBXNativeTarget "Weather" */ = {
			isa = XCConfigurationList;
			buildConfigurations = (
				C75C49802B91E1380067528E /* Debug */,
				C75C49812B91E1380067528E /* Release */,
			);
			defaultConfigurationIsVisible = 0;
			defaultConfigurationName = Release;
		};
/* End XCConfigurationList section */
	};
	rootObject = C75C49632B91E1370067528E /* Project object */;
}
